
Microsoft Visual Studio Solution File, Format Version 12.00
# Visual Studio 15
VisualStudioVersion = 15.0.28307.421
MinimumVisualStudioVersion = 10.0.40219.1
Project("{FAE04EC0-301F-11D3-BF4B-00C04F79EFBC}") = "PortsOwnersExample", "PortsOwners\PortsOwnersExample.csproj", "{536F8DD1-8675-4114-8D53-53C82CD51A9D}"
EndProject
Project("{FAE04EC0-301F-11D3-BF4B-00C04F79EFBC}") = "PortOwnersDLL", "PortOwnersDLL\PortOwnersDLL.csproj", "{29D5E27C-9F8C-438C-BE04-24BD6C200351}"
EndProject
Global
	GlobalSection(SolutionConfigurationPlatforms) = preSolution
		Debug|Any CPU = Debug|Any CPU
		Release|Any CPU = Release|Any CPU
	EndGlobalSection
	GlobalSection(ProjectConfigurationPlatforms) = postSolution
		{536F8DD1-8675-4114-8D53-53C82CD51A9D}.Debug|Any CPU.ActiveCfg = Debug|Any CPU
		{536F8DD1-8675-4114-8D53-53C82CD51A9D}.Debug|Any CPU.Build.0 = Debug|Any CPU
		{536F8DD1-8675-4114-8D53-53C82CD51A9D}.Release|Any CPU.ActiveCfg = Release|Any CPU
		{536F8DD1-8675-4114-8D53-53C82CD51A9D}.Release|Any CPU.Build.0 = Release|Any CPU
		{29D5E27C-9F8C-438C-BE04-24BD6C200351}.Debug|Any CPU.ActiveCfg = Debug|Any CPU
		{29D5E27C-9F8C-438C-BE04-24BD6C200351}.Debug|Any CPU.Build.0 = Debug|Any CPU
		{29D5E27C-9F8C-438C-BE04-24BD6C200351}.Release|Any CPU.ActiveCfg = Release|Any CPU
		{29D5E27C-9F8C-438C-BE04-24BD6C200351}.Release|Any CPU.Build.0 = Release|Any CPU
	EndGlobalSection
	GlobalSection(SolutionProperties) = preSolution
		HideSolutionNode = FALSE
	EndGlobalSection
	GlobalSection(ExtensibilityGlobals) = postSolution
		SolutionGuid = {CADDAFD7-3D79-4C8D-A230-8406EAF93F65}
	EndGlobalSection
EndGlobal
